
Microsoft Visual Studio Solution File, Format Version 12.00
# Visual Studio Version 17
VisualStudioVersion = 17.2.32616.157
MinimumVisualStudioVersion = 10.0.40219.1
Project("{FAE04EC0-301F-11D3-BF4B-00C04F79EFBC}") = "learn c sharp through codewar", "learn c sharp through codewar.csproj", "{501C04EB-EE2E-4378-9B2D-52AAD63D526C}"
EndProject
Global
	GlobalSection(SolutionConfigurationPlatforms) = preSolution
		Debug|Any CPU = Debug|Any CPU
		Release|Any CPU = Release|Any CPU
	EndGlobalSection
	GlobalSection(ProjectConfigurationPlatforms) = postSolution
		{501C04EB-EE2E-4378-9B2D-52AAD63D526C}.Debug|Any CPU.ActiveCfg = Debug|Any CPU
		{501C04EB-EE2E-4378-9B2D-52AAD63D526C}.Debug|Any CPU.Build.0 = Debug|Any CPU
		{501C04EB-EE2E-4378-9B2D-52AAD63D526C}.Release|Any CPU.ActiveCfg = Release|Any CPU
		{501C04EB-EE2E-4378-9B2D-52AAD63D526C}.Release|Any CPU.Build.0 = Release|Any CPU
	EndGlobalSection
	GlobalSection(SolutionProperties) = preSolution
		HideSolutionNode = FALSE
	EndGlobalSection
	GlobalSection(ExtensibilityGlobals) = postSolution
		SolutionGuid = {5DA0409E-DC98-40D8-8D47-C13F5D24FDE2}
	EndGlobalSection
EndGlobal
